
Microsoft Visual Studio Solution File, Format Version 12.00
# Visual Studio Version 17
VisualStudioVersion = 17.4.33110.190
MinimumVisualStudioVersion = 10.0.40219.1
Project("{FAE04EC0-301F-11D3-BF4B-00C04F79EFBC}") = "MiBilleteraWebApi", "MiBilleteraWebApi.csproj", "{D65CA69A-E784-41B1-BE40-51084544B0DF}"
EndProject
Global
	GlobalSection(SolutionConfigurationPlatforms) = preSolution
		Debug|Any CPU = Debug|Any CPU
		Release|Any CPU = Release|Any CPU
	EndGlobalSection
	GlobalSection(ProjectConfigurationPlatforms) = postSolution
		{D65CA69A-E784-41B1-BE40-51084544B0DF}.Debug|Any CPU.ActiveCfg = Debug|Any CPU
		{D65CA69A-E784-41B1-BE40-51084544B0DF}.Debug|Any CPU.Build.0 = Debug|Any CPU
		{D65CA69A-E784-41B1-BE40-51084544B0DF}.Release|Any CPU.ActiveCfg = Release|Any CPU
		{D65CA69A-E784-41B1-BE40-51084544B0DF}.Release|Any CPU.Build.0 = Release|Any CPU
	EndGlobalSection
	GlobalSection(SolutionProperties) = preSolution
		HideSolutionNode = FALSE
	EndGlobalSection
	GlobalSection(ExtensibilityGlobals) = postSolution
		SolutionGuid = {C716EF1B-CCCD-46E5-B93D-597859883B5F}
	EndGlobalSection
EndGlobal
